
Microsoft Visual Studio Solution File, Format Version 12.00
# Visual Studio Version 16
VisualStudioVersion = 16.0.31702.278
MinimumVisualStudioVersion = 10.0.40219.1
Project("{FAE04EC0-301F-11D3-BF4B-00C04F79EFBC}") = "TCP_opgave5", "TCP_opgave5\TCP_opgave5.csproj", "{EA6FE961-4A81-4B86-B6A5-553614D713E7}"
EndProject
Project("{9A19103F-16F7-4668-BE54-9A1E7A4F7556}") = "Class_for_opg_4_5", "..\..\ClassLibrary\Class_for_opg_4_5\Class_for_opg_4_5\Class_for_opg_4_5.csproj", "{B8D39449-4D00-432C-9CB3-49B420EAD16E}"
EndProject
Global
	GlobalSection(SolutionConfigurationPlatforms) = preSolution
		Debug|Any CPU = Debug|Any CPU
		Release|Any CPU = Release|Any CPU
	EndGlobalSection
	GlobalSection(ProjectConfigurationPlatforms) = postSolution
		{EA6FE961-4A81-4B86-B6A5-553614D713E7}.Debug|Any CPU.ActiveCfg = Debug|Any CPU
		{EA6FE961-4A81-4B86-B6A5-553614D713E7}.Debug|Any CPU.Build.0 = Debug|Any CPU
		{EA6FE961-4A81-4B86-B6A5-553614D713E7}.Release|Any CPU.ActiveCfg = Release|Any CPU
		{EA6FE961-4A81-4B86-B6A5-553614D713E7}.Release|Any CPU.Build.0 = Release|Any CPU
		{B8D39449-4D00-432C-9CB3-49B420EAD16E}.Debug|Any CPU.ActiveCfg = Debug|Any CPU
		{B8D39449-4D00-432C-9CB3-49B420EAD16E}.Debug|Any CPU.Build.0 = Debug|Any CPU
		{B8D39449-4D00-432C-9CB3-49B420EAD16E}.Release|Any CPU.ActiveCfg = Release|Any CPU
		{B8D39449-4D00-432C-9CB3-49B420EAD16E}.Release|Any CPU.Build.0 = Release|Any CPU
	EndGlobalSection
	GlobalSection(SolutionProperties) = preSolution
		HideSolutionNode = FALSE
	EndGlobalSection
	GlobalSection(ExtensibilityGlobals) = postSolution
		SolutionGuid = {CB7158CC-D275-4819-AB84-9B499A743DF7}
	EndGlobalSection
EndGlobal
